
Microsoft Visual Studio Solution File, Format Version 12.00
# Visual Studio Version 17
VisualStudioVersion = 17.2.32526.322
MinimumVisualStudioVersion = 10.0.40219.1
Project("{FAE04EC0-301F-11D3-BF4B-00C04F79EFBC}") = "Exercício 4", "Exercício 4\Exercício 4.csproj", "{CC5F2032-BAC5-44B1-A297-815349D82E4E}"
EndProject
Global
	GlobalSection(SolutionConfigurationPlatforms) = preSolution
		Debug|Any CPU = Debug|Any CPU
		Release|Any CPU = Release|Any CPU
	EndGlobalSection
	GlobalSection(ProjectConfigurationPlatforms) = postSolution
		{CC5F2032-BAC5-44B1-A297-815349D82E4E}.Debug|Any CPU.ActiveCfg = Debug|Any CPU
		{CC5F2032-BAC5-44B1-A297-815349D82E4E}.Debug|Any CPU.Build.0 = Debug|Any CPU
		{CC5F2032-BAC5-44B1-A297-815349D82E4E}.Release|Any CPU.ActiveCfg = Release|Any CPU
		{CC5F2032-BAC5-44B1-A297-815349D82E4E}.Release|Any CPU.Build.0 = Release|Any CPU
	EndGlobalSection
	GlobalSection(SolutionProperties) = preSolution
		HideSolutionNode = FALSE
	EndGlobalSection
	GlobalSection(ExtensibilityGlobals) = postSolution
		SolutionGuid = {346A8556-0263-4961-85C2-15EEDA0B4089}
	EndGlobalSection
EndGlobal
