
Microsoft Visual Studio Solution File, Format Version 12.00
# Visual Studio Version 17
VisualStudioVersion = 17.2.32526.322
MinimumVisualStudioVersion = 10.0.40219.1
Project("{9A19103F-16F7-4668-BE54-9A1E7A4F7556}") = "Exercício 1", "Exercício 1\Exercício 1.csproj", "{6F9FC698-18B4-4DA4-8818-7F62B9CDBCE6}"
EndProject
Global
	GlobalSection(SolutionConfigurationPlatforms) = preSolution
		Debug|Any CPU = Debug|Any CPU
		Release|Any CPU = Release|Any CPU
	EndGlobalSection
	GlobalSection(ProjectConfigurationPlatforms) = postSolution
		{6F9FC698-18B4-4DA4-8818-7F62B9CDBCE6}.Debug|Any CPU.ActiveCfg = Debug|Any CPU
		{6F9FC698-18B4-4DA4-8818-7F62B9CDBCE6}.Debug|Any CPU.Build.0 = Debug|Any CPU
		{6F9FC698-18B4-4DA4-8818-7F62B9CDBCE6}.Release|Any CPU.ActiveCfg = Release|Any CPU
		{6F9FC698-18B4-4DA4-8818-7F62B9CDBCE6}.Release|Any CPU.Build.0 = Release|Any CPU
	EndGlobalSection
	GlobalSection(SolutionProperties) = preSolution
		HideSolutionNode = FALSE
	EndGlobalSection
	GlobalSection(ExtensibilityGlobals) = postSolution
		SolutionGuid = {0A93CC11-3266-4F26-8906-5BED6518A987}
	EndGlobalSection
EndGlobal
